
Microsoft Visual Studio Solution File, Format Version 12.00
# Visual Studio Version 16
VisualStudioVersion = 16.0.29123.88
MinimumVisualStudioVersion = 10.0.40219.1
Project("{FAE04EC0-301F-11D3-BF4B-00C04F79EFBC}") = "WebApplication1", "WebApplication1\WebApplication1.csproj", "{730C3323-C6C3-4CA7-8DAB-3B324211AE96}"
EndProject
Project("{FAE04EC0-301F-11D3-BF4B-00C04F79EFBC}") = "BasicWebApiTest", "BasicWebApiTest\BasicWebApiTest.csproj", "{C2337C4A-322F-45AB-AA55-C485BB1CECA7}"
EndProject
Global
	GlobalSection(SolutionConfigurationPlatforms) = preSolution
		Debug|Any CPU = Debug|Any CPU
		Release|Any CPU = Release|Any CPU
	EndGlobalSection
	GlobalSection(ProjectConfigurationPlatforms) = postSolution
		{730C3323-C6C3-4CA7-8DAB-3B324211AE96}.Debug|Any CPU.ActiveCfg = Debug|Any CPU
		{730C3323-C6C3-4CA7-8DAB-3B324211AE96}.Debug|Any CPU.Build.0 = Debug|Any CPU
		{730C3323-C6C3-4CA7-8DAB-3B324211AE96}.Release|Any CPU.ActiveCfg = Release|Any CPU
		{730C3323-C6C3-4CA7-8DAB-3B324211AE96}.Release|Any CPU.Build.0 = Release|Any CPU
		{C2337C4A-322F-45AB-AA55-C485BB1CECA7}.Debug|Any CPU.ActiveCfg = Debug|Any CPU
		{C2337C4A-322F-45AB-AA55-C485BB1CECA7}.Debug|Any CPU.Build.0 = Debug|Any CPU
		{C2337C4A-322F-45AB-AA55-C485BB1CECA7}.Release|Any CPU.ActiveCfg = Release|Any CPU
		{C2337C4A-322F-45AB-AA55-C485BB1CECA7}.Release|Any CPU.Build.0 = Release|Any CPU
	EndGlobalSection
	GlobalSection(SolutionProperties) = preSolution
		HideSolutionNode = FALSE
	EndGlobalSection
	GlobalSection(ExtensibilityGlobals) = postSolution
		SolutionGuid = {FF9EA704-02AC-4626-A8C4-B9A105422B7D}
	EndGlobalSection
EndGlobal
